// !$*UTF8*$!
{
	archiveVersion = 1;
	classes = {
	};
	objectVersion = 56;
	objects = {

/* Begin PBXBuildFile section */
		46C6825D2A080E6B001F4076 /* AppDelegate.swift in Sources */ = {isa = PBXBuildFile; fileRef = 46C6825C2A080E6B001F4076 /* AppDelegate.swift */; };
		46C6825F2A080E6B001F4076 /* SceneDelegate.swift in Sources */ = {isa = PBXBuildFile; fileRef = 46C6825E2A080E6B001F4076 /* SceneDelegate.swift */; };
		46C682612A080E6B001F4076 /* ViewController.swift in Sources */ = {isa = PBXBuildFile; fileRef = 46C682602A080E6B001F4076 /* ViewController.swift */; };
		46C682642A080E6B001F4076 /* Main.storyboard in Resources */ = {isa = PBXBuildFile; fileRef = 46C682622A080E6B001F4076 /* Main.storyboard */; };
		46C682662A080E6B001F4076 /* Assets.xcassets in Resources */ = {isa = PBXBuildFile; fileRef = 46C682652A080E6B001F4076 /* Assets.xcassets */; };
		46C682692A080E6B001F4076 /* LaunchScreen.storyboard in Resources */ = {isa = PBXBuildFile; fileRef = 46C682672A080E6B001F4076 /* LaunchScreen.storyboard */; };
		46C682752A08123A001F4076 /* Country.swift in Sources */ = {isa = PBXBuildFile; fileRef = 46C682742A08123A001F4076 /* Country.swift */; };
/* End PBXBuildFile section */

/* Begin PBXFileReference section */
		46C682592A080E6B001F4076 /* CountryInfoApp.app */ = {isa = PBXFileReference; explicitFileType = wrapper.application; includeInIndex = 0; path = CountryInfoApp.app; sourceTree = BUILT_PRODUCTS_DIR; };
		46C6825C2A080E6B001F4076 /* AppDelegate.swift */ = {isa = PBXFileReference; lastKnownFileType = sourcecode.swift; path = AppDelegate.swift; sourceTree = "<group>"; };
		46C6825E2A080E6B001F4076 /* SceneDelegate.swift */ = {isa = PBXFileReference; lastKnownFileType = sourcecode.swift; path = SceneDelegate.swift; sourceTree = "<group>"; };
		46C682602A080E6B001F4076 /* ViewController.swift */ = {isa = PBXFileReference; lastKnownFileType = sourcecode.swift; path = ViewController.swift; sourceTree = "<group>"; };
		46C682632A080E6B001F4076 /* Base */ = {isa = PBXFileReference; lastKnownFileType = file.storyboard; name = Base; path = Base.lproj/Main.storyboard; sourceTree = "<group>"; };
		46C682652A080E6B001F4076 /* Assets.xcassets */ = {isa = PBXFileReference; lastKnownFileType = folder.assetcatalog; path = Assets.xcassets; sourceTree = "<group>"; };
		46C682682A080E6B001F4076 /* Base */ = {isa = PBXFileReference; lastKnownFileType = file.storyboard; name = Base; path = Base.lproj/LaunchScreen.storyboard; sourceTree = "<group>"; };
		46C6826A2A080E6B001F4076 /* Info.plist */ = {isa = PBXFileReference; lastKnownFileType = text.plist.xml; path = Info.plist; sourceTree = "<group>"; };
		46C682742A08123A001F4076 /* Country.swift */ = {isa = PBXFileReference; lastKnownFileType = sourcecode.swift; path = Country.swift; sourceTree = "<group>"; };
/* End PBXFileReference section */

/* Begin PBXFrameworksBuildPhase section */
		46C682562A080E6B001F4076 /* Frameworks */ = {
			isa = PBXFrameworksBuildPhase;
			buildActionMask = 2147483647;
			files = (
			);
			runOnlyForDeploymentPostprocessing = 0;
		};
/* End PBXFrameworksBuildPhase section */

/* Begin PBXGroup section */
		46C682502A080E6B001F4076 = {
			isa = PBXGroup;
			children = (
				46C6825B2A080E6B001F4076 /* CountryInfoApp */,
				46C6825A2A080E6B001F4076 /* Products */,
			);
			sourceTree = "<group>";
		};
		46C6825A2A080E6B001F4076 /* Products */ = {
			isa = PBXGroup;
			children = (
				46C682592A080E6B001F4076 /* CountryInfoApp.app */,
			);
			name = Products;
			sourceTree = "<group>";
		};
		46C6825B2A080E6B001F4076 /* CountryInfoApp */ = {
			isa = PBXGroup;
			children = (
				46C682702A080E77001F4076 /* Models */,
				46C682722A080EA1001F4076 /* ViewControllers */,
				46C682732A080EAC001F4076 /* Storyboards */,
				46C682712A080E7F001F4076 /* App */,
				46C682652A080E6B001F4076 /* Assets.xcassets */,
				46C6826A2A080E6B001F4076 /* Info.plist */,
			);
			path = CountryInfoApp;
			sourceTree = "<group>";
		};
		46C682702A080E77001F4076 /* Models */ = {
			isa = PBXGroup;
			children = (
				46C682742A08123A001F4076 /* Country.swift */,
			);
			path = Models;
			sourceTree = "<group>";
		};
		46C682712A080E7F001F4076 /* App */ = {
			isa = PBXGroup;
			children = (
				46C6825C2A080E6B001F4076 /* AppDelegate.swift */,
				46C6825E2A080E6B001F4076 /* SceneDelegate.swift */,
			);
			path = App;
			sourceTree = "<group>";
		};
		46C682722A080EA1001F4076 /* ViewControllers */ = {
			isa = PBXGroup;
			children = (
				46C682602A080E6B001F4076 /* ViewController.swift */,
			);
			path = ViewControllers;
			sourceTree = "<group>";
		};
		46C682732A080EAC001F4076 /* Storyboards */ = {
			isa = PBXGroup;
			children = (
				46C682622A080E6B001F4076 /* Main.storyboard */,
				46C682672A080E6B001F4076 /* LaunchScreen.storyboard */,
			);
			path = Storyboards;
			sourceTree = "<group>";
		};
/* End PBXGroup section */

/* Begin PBXNativeTarget section */
		46C682582A080E6B001F4076 /* CountryInfoApp */ = {
			isa = PBXNativeTarget;
			buildConfigurationList = 46C6826D2A080E6B001F4076 /* Build configuration list for PBXNativeTarget "CountryInfoApp" */;
			buildPhases = (
				46C682552A080E6B001F4076 /* Sources */,
				46C682562A080E6B001F4076 /* Frameworks */,
				46C682572A080E6B001F4076 /* Resources */,
			);
			buildRules = (
			);
			dependencies = (
			);
			name = CountryInfoApp;
			productName = CountryInfoApp;
			productReference = 46C682592A080E6B001F4076 /* CountryInfoApp.app */;
			productType = "com.apple.product-type.application";
		};
/* End PBXNativeTarget section */

/* Begin PBXProject section */
		46C682512A080E6B001F4076 /* Project object */ = {
			isa = PBXProject;
			attributes = {
				BuildIndependentTargetsInParallel = 1;
				LastSwiftUpdateCheck = 1420;
				LastUpgradeCheck = 1420;
				TargetAttributes = {
					46C682582A080E6B001F4076 = {
						CreatedOnToolsVersion = 14.2;
					};
				};
			};
			buildConfigurationList = 46C682542A080E6B001F4076 /* Build configuration list for PBXProject "CountryInfoApp" */;
			compatibilityVersion = "Xcode 14.0";
			developmentRegion = en;
			hasScannedForEncodings = 0;
			knownRegions = (
				en,
				Base,
			);
			mainGroup = 46C682502A080E6B001F4076;
			productRefGroup = 46C6825A2A080E6B001F4076 /* Products */;
			projectDirPath = "";
			projectRoot = "";
			targets = (
				46C682582A080E6B001F4076 /* CountryInfoApp */,
			);
		};
/* End PBXProject section */

/* Begin PBXResourcesBuildPhase section */
		46C682572A080E6B001F4076 /* Resources */ = {
			isa = PBXResourcesBuildPhase;
			buildActionMask = 2147483647;
			files = (
				46C682692A080E6B001F4076 /* LaunchScreen.storyboard in Resources */,
				46C682662A080E6B001F4076 /* Assets.xcassets in Resources */,
				46C682642A080E6B001F4076 /* Main.storyboard in Resources */,
			);
			runOnlyForDeploymentPostprocessing = 0;
		};
/* End PBXResourcesBuildPhase section */

/* Begin PBXSourcesBuildPhase section */
		46C682552A080E6B001F4076 /* Sources */ = {
			isa = PBXSourcesBuildPhase;
			buildActionMask = 2147483647;
			files = (
				46C682752A08123A001F4076 /* Country.swift in Sources */,
				46C682612A080E6B001F4076 /* ViewController.swift in Sources */,
				46C6825D2A080E6B001F4076 /* AppDelegate.swift in Sources */,
				46C6825F2A080E6B001F4076 /* SceneDelegate.swift in Sources */,
			);
			runOnlyForDeploymentPostprocessing = 0;
		};
/* End PBXSourcesBuildPhase section */

/* Begin PBXVariantGroup section */
		46C682622A080E6B001F4076 /* Main.storyboard */ = {
			isa = PBXVariantGroup;
			children = (
				46C682632A080E6B001F4076 /* Base */,
			);
			name = Main.storyboard;
			sourceTree = "<group>";
		};
		46C682672A080E6B001F4076 /* LaunchScreen.storyboard */ = {
			isa = PBXVariantGroup;
			children = (
				46C682682A080E6B001F4076 /* Base */,
			);
			name = LaunchScreen.storyboard;
			sourceTree = "<group>";
		};
/* End PBXVariantGroup section */

/* Begin XCBuildConfiguration section */
		46C6826B2A080E6B001F4076 /* Debug */ = {
			isa = XCBuildConfiguration;
			buildSettings = {
				ALWAYS_SEARCH_USER_PATHS = NO;
				CLANG_ANALYZER_NONNULL = YES;
				CLANG_ANALYZER_NUMBER_OBJECT_CONVERSION = YES_AGGRESSIVE;
				CLANG_CXX_LANGUAGE_STANDARD = "gnu++20";
				CLANG_ENABLE_MODULES = YES;
				CLANG_ENABLE_OBJC_ARC = YES;
				CLANG_ENABLE_OBJC_WEAK = YES;
				CLANG_WARN_BLOCK_CAPTURE_AUTORELEASING = YES;
				CLANG_WARN_BOOL_CONVERSION = YES;
				CLANG_WARN_COMMA = YES;
				CLANG_WARN_CONSTANT_CONVERSION = YES;
				CLANG_WARN_DEPRECATED_OBJC_IMPLEMENTATIONS = YES;
				CLANG_WARN_DIRECT_OBJC_ISA_USAGE = YES_ERROR;
				CLANG_WARN_DOCUMENTATION_COMMENTS = YES;
				CLANG_WARN_EMPTY_BODY = YES;
				CLANG_WARN_ENUM_CONVERSION = YES;
				CLANG_WARN_INFINITE_RECURSION = YES;
				CLANG_WARN_INT_CONVERSION = YES;
				CLANG_WARN_NON_LITERAL_NULL_CONVERSION = YES;
				CLANG_WARN_OBJC_IMPLICIT_RETAIN_SELF = YES;
				CLANG_WARN_OBJC_LITERAL_CONVERSION = YES;
				CLANG_WARN_OBJC_ROOT_CLASS = YES_ERROR;
				CLANG_WARN_QUOTED_INCLUDE_IN_FRAMEWORK_HEADER = YES;
				CLANG_WARN_RANGE_LOOP_ANALYSIS = YES;
				CLANG_WARN_STRICT_PROTOTYPES = YES;
				CLANG_WARN_SUSPICIOUS_MOVE = YES;
				CLANG_WARN_UNGUARDED_AVAILABILITY = YES_AGGRESSIVE;
				CLANG_WARN_UNREACHABLE_CODE = YES;
				CLANG_WARN__DUPLICATE_METHOD_MATCH = YES;
				COPY_PHASE_STRIP = NO;
				DEBUG_INFORMATION_FORMAT = dwarf;
				ENABLE_STRICT_OBJC_MSGSEND = YES;
				ENABLE_TESTABILITY = YES;
				GCC_C_LANGUAGE_STANDARD = gnu11;
				GCC_DYNAMIC_NO_PIC = NO;
				GCC_NO_COMMON_BLOCKS = YES;
				GCC_OPTIMIZATION_LEVEL = 0;
				GCC_PREPROCESSOR_DEFINITIONS = (
					"DEBUG=1",
					"$(inherited)",
				);
				GCC_WARN_64_TO_32_BIT_CONVERSION = YES;
				GCC_WARN_ABOUT_RETURN_TYPE = YES_ERROR;
				GCC_WARN_UNDECLARED_SELECTOR = YES;
				GCC_WARN_UNINITIALIZED_AUTOS = YES_AGGRESSIVE;
				GCC_WARN_UNUSED_FUNCTION = YES;
				GCC_WARN_UNUSED_VARIABLE = YES;
				IPHONEOS_DEPLOYMENT_TARGET = 16.2;
				MTL_ENABLE_DEBUG_INFO = INCLUDE_SOURCE;
				MTL_FAST_MATH = YES;
				ONLY_ACTIVE_ARCH = YES;
				SDKROOT = iphoneos;
				SWIFT_ACTIVE_COMPILATION_CONDITIONS = DEBUG;
				SWIFT_OPTIMIZATION_LEVEL = "-Onone";
			};
			name = Debug;
		};
		46C6826C2A080E6B001F4076 /* Release */ = {
			isa = XCBuildConfiguration;
			buildSettings = {
				ALWAYS_SEARCH_USER_PATHS = NO;
				CLANG_ANALYZER_NONNULL = YES;
				CLANG_ANALYZER_NUMBER_OBJECT_CONVERSION = YES_AGGRESSIVE;
				CLANG_CXX_LANGUAGE_STANDARD = "gnu++20";
				CLANG_ENABLE_MODULES = YES;
				CLANG_ENABLE_OBJC_ARC = YES;
				CLANG_ENABLE_OBJC_WEAK = YES;
				CLANG_WARN_BLOCK_CAPTURE_AUTORELEASING = YES;
				CLANG_WARN_BOOL_CONVERSION = YES;
				CLANG_WARN_COMMA = YES;
				CLANG_WARN_CONSTANT_CONVERSION = YES;
				CLANG_WARN_DEPRECATED_OBJC_IMPLEMENTATIONS = YES;
				CLANG_WARN_DIRECT_OBJC_ISA_USAGE = YES_ERROR;
				CLANG_WARN_DOCUMENTATION_COMMENTS = YES;
				CLANG_WARN_EMPTY_BODY = YES;
				CLANG_WARN_ENUM_CONVERSION = YES;
				CLANG_WARN_INFINITE_RECURSION = YES;
				CLANG_WARN_INT_CONVERSION = YES;
				CLANG_WARN_NON_LITERAL_NULL_CONVERSION = YES;
				CLANG_WARN_OBJC_IMPLICIT_RETAIN_SELF = YES;
				CLANG_WARN_OBJC_LITERAL_CONVERSION = YES;
				CLANG_WARN_OBJC_ROOT_CLASS = YES_ERROR;
				CLANG_WARN_QUOTED_INCLUDE_IN_FRAMEWORK_HEADER = YES;
				CLANG_WARN_RANGE_LOOP_ANALYSIS = YES;
				CLANG_WARN_STRICT_PROTOTYPES = YES;
				CLANG_WARN_SUSPICIOUS_MOVE = YES;
				CLANG_WARN_UNGUARDED_AVAILABILITY = YES_AGGRESSIVE;
				CLANG_WARN_UNREACHABLE_CODE = YES;
				CLANG_WARN__DUPLICATE_METHOD_MATCH = YES;
				COPY_PHASE_STRIP = NO;
				DEBUG_INFORMATION_FORMAT = "dwarf-with-dsym";
				ENABLE_NS_ASSERTIONS = NO;
				ENABLE_STRICT_OBJC_MSGSEND = YES;
				GCC_C_LANGUAGE_STANDARD = gnu11;
				GCC_NO_COMMON_BLOCKS = YES;
				GCC_WARN_64_TO_32_BIT_CONVERSION = YES;
				GCC_WARN_ABOUT_RETURN_TYPE = YES_ERROR;
				GCC_WARN_UNDECLARED_SELECTOR = YES;
				GCC_WARN_UNINITIALIZED_AUTOS = YES_AGGRESSIVE;
				GCC_WARN_UNUSED_FUNCTION = YES;
				GCC_WARN_UNUSED_VARIABLE = YES;
				IPHONEOS_DEPLOYMENT_TARGET = 16.2;
				MTL_ENABLE_DEBUG_INFO = NO;
				MTL_FAST_MATH = YES;
				SDKROOT = iphoneos;
				SWIFT_COMPILATION_MODE = wholemodule;
				SWIFT_OPTIMIZATION_LEVEL = "-O";
				VALIDATE_PRODUCT = YES;
			};
			name = Release;
		};
		46C6826E2A080E6B001F4076 /* Debug */ = {
			isa = XCBuildConfiguration;
			buildSettings = {
				ASSETCATALOG_COMPILER_APPICON_NAME = AppIcon;
				ASSETCATALOG_COMPILER_GLOBAL_ACCENT_COLOR_NAME = AccentColor;
				CODE_SIGN_STYLE = Automatic;
				CURRENT_PROJECT_VERSION = 1;
				DEVELOPMENT_TEAM = RLGV5KZ4KA;
				GENERATE_INFOPLIST_FILE = YES;
				INFOPLIST_FILE = CountryInfoApp/Info.plist;
				INFOPLIST_KEY_UIApplicationSupportsIndirectInputEvents = YES;
				INFOPLIST_KEY_UILaunchStoryboardName = LaunchScreen;
				INFOPLIST_KEY_UIMainStoryboardFile = Main;
				INFOPLIST_KEY_UISupportedInterfaceOrientations = UIInterfaceOrientationPortrait;
				INFOPLIST_KEY_UISupportedInterfaceOrientations_iPad = "UIInterfaceOrientationLandscapeLeft UIInterfaceOrientationLandscapeRight UIInterfaceOrientationPortrait UIInterfaceOrientationPortraitUpsideDown";
				LD_RUNPATH_SEARCH_PATHS = (
					"$(inherited)",
					"@executable_path/Frameworks",
				);
				MARKETING_VERSION = 1.0;
				PRODUCT_BUNDLE_IDENTIFIER = SmartActive.CountryInfoApp;
				PRODUCT_NAME = "$(TARGET_NAME)";
				SUPPORTED_PLATFORMS = "iphoneos iphonesimulator";
				SUPPORTS_MACCATALYST = NO;
				SUPPORTS_MAC_DESIGNED_FOR_IPHONE_IPAD = NO;
				SWIFT_EMIT_LOC_STRINGS = YES;
				SWIFT_VERSION = 5.0;
				TARGETED_DEVICE_FAMILY = 1;
			};
			name = Debug;
		};
		46C6826F2A080E6B001F4076 /* Release */ = {
			isa = XCBuildConfiguration;
			buildSettings = {
				ASSETCATALOG_COMPILER_APPICON_NAME = AppIcon;
				ASSETCATALOG_COMPILER_GLOBAL_ACCENT_COLOR_NAME = AccentColor;
				CODE_SIGN_STYLE = Automatic;
				CURRENT_PROJECT_VERSION = 1;
				DEVELOPMENT_TEAM = RLGV5KZ4KA;
				GENERATE_INFOPLIST_FILE = YES;
				INFOPLIST_FILE = CountryInfoApp/Info.plist;
				INFOPLIST_KEY_UIApplicationSupportsIndirectInputEvents = YES;
				INFOPLIST_KEY_UILaunchStoryboardName = LaunchScreen;
				INFOPLIST_KEY_UIMainStoryboardFile = Main;
				INFOPLIST_KEY_UISupportedInterfaceOrientations = UIInterfaceOrientationPortrait;
				INFOPLIST_KEY_UISupportedInterfaceOrientations_iPad = "UIInterfaceOrientationLandscapeLeft UIInterfaceOrientationLandscapeRight UIInterfaceOrientationPortrait UIInterfaceOrientationPortraitUpsideDown";
				LD_RUNPATH_SEARCH_PATHS = (
					"$(inherited)",
					"@executable_path/Frameworks",
				);
				MARKETING_VERSION = 1.0;
				PRODUCT_BUNDLE_IDENTIFIER = SmartActive.CountryInfoApp;
				PRODUCT_NAME = "$(TARGET_NAME)";
				SUPPORTED_PLATFORMS = "iphoneos iphonesimulator";
				SUPPORTS_MACCATALYST = NO;
				SUPPORTS_MAC_DESIGNED_FOR_IPHONE_IPAD = NO;
				SWIFT_EMIT_LOC_STRINGS = YES;
				SWIFT_VERSION = 5.0;
				TARGETED_DEVICE_FAMILY = 1;
			};
			name = Release;
		};
/* End XCBuildConfiguration section */

/* Begin XCConfigurationList section */
		46C682542A080E6B001F4076 /* Build configuration list for PBXProject "CountryInfoApp" */ = {
			isa = XCConfigurationList;
			buildConfigurations = (
				46C6826B2A080E6B001F4076 /* Debug */,
				46C6826C2A080E6B001F4076 /* Release */,
			);
			defaultConfigurationIsVisible = 0;
			defaultConfigurationName = Release;
		};
		46C6826D2A080E6B001F4076 /* Build configuration list for PBXNativeTarget "CountryInfoApp" */ = {
			isa = XCConfigurationList;
			buildConfigurations = (
				46C6826E2A080E6B001F4076 /* Debug */,
				46C6826F2A080E6B001F4076 /* Release */,
			);
			defaultConfigurationIsVisible = 0;
			defaultConfigurationName = Release;
		};
/* End XCConfigurationList section */
	};
	rootObject = 46C682512A080E6B001F4076 /* Project object */;
}
